
Microsoft Visual Studio Solution File, Format Version 12.00
# Visual Studio Version 17
VisualStudioVersion = 17.3.32922.545
MinimumVisualStudioVersion = 10.0.40219.1
Project("{8BC9CEB8-8B4A-11D0-8D11-00A0C91BC942}") = "Gaussian_Elimination_with_Total_Pivoting", "Gaussian_Elimination_with_Total_Pivoting\Gaussian_Elimination_with_Total_Pivoting.vcxproj", "{61FBEC3E-1C92-4373-81F2-A8A36C2D78FD}"
EndProject
Global
	GlobalSection(SolutionConfigurationPlatforms) = preSolution
		Debug|x64 = Debug|x64
		Debug|x86 = Debug|x86
		Release|x64 = Release|x64
		Release|x86 = Release|x86
	EndGlobalSection
	GlobalSection(ProjectConfigurationPlatforms) = postSolution
		{61FBEC3E-1C92-4373-81F2-A8A36C2D78FD}.Debug|x64.ActiveCfg = Debug|x64
		{61FBEC3E-1C92-4373-81F2-A8A36C2D78FD}.Debug|x64.Build.0 = Debug|x64
		{61FBEC3E-1C92-4373-81F2-A8A36C2D78FD}.Debug|x86.ActiveCfg = Debug|Win32
		{61FBEC3E-1C92-4373-81F2-A8A36C2D78FD}.Debug|x86.Build.0 = Debug|Win32
		{61FBEC3E-1C92-4373-81F2-A8A36C2D78FD}.Release|x64.ActiveCfg = Release|x64
		{61FBEC3E-1C92-4373-81F2-A8A36C2D78FD}.Release|x64.Build.0 = Release|x64
		{61FBEC3E-1C92-4373-81F2-A8A36C2D78FD}.Release|x86.ActiveCfg = Release|Win32
		{61FBEC3E-1C92-4373-81F2-A8A36C2D78FD}.Release|x86.Build.0 = Release|Win32
	EndGlobalSection
	GlobalSection(SolutionProperties) = preSolution
		HideSolutionNode = FALSE
	EndGlobalSection
	GlobalSection(ExtensibilityGlobals) = postSolution
		SolutionGuid = {B11CC002-945D-4B1F-9EF3-89F05260B6FB}
	EndGlobalSection
EndGlobal
